// !$*UTF8*$!
{
	archiveVersion = 1;
	classes = {
	};
	objectVersion = 56;
	objects = {

/* Begin PBXBuildFile section */
		C0F3F0892A0D38AA00A161BB /* AppDelegate.swift in Sources */ = {isa = PBXBuildFile; fileRef = C0F3F0882A0D38AA00A161BB /* AppDelegate.swift */; };
		C0F3F08B2A0D38AA00A161BB /* SceneDelegate.swift in Sources */ = {isa = PBXBuildFile; fileRef = C0F3F08A2A0D38AA00A161BB /* SceneDelegate.swift */; };
		C0F3F08D2A0D38AA00A161BB /* ViewController.swift in Sources */ = {isa = PBXBuildFile; fileRef = C0F3F08C2A0D38AA00A161BB /* ViewController.swift */; };
		C0F3F0902A0D38AA00A161BB /* Main.storyboard in Resources */ = {isa = PBXBuildFile; fileRef = C0F3F08E2A0D38AA00A161BB /* Main.storyboard */; };
		C0F3F0922A0D38AB00A161BB /* Assets.xcassets in Resources */ = {isa = PBXBuildFile; fileRef = C0F3F0912A0D38AB00A161BB /* Assets.xcassets */; };
		C0F3F0952A0D38AB00A161BB /* LaunchScreen.storyboard in Resources */ = {isa = PBXBuildFile; fileRef = C0F3F0932A0D38AB00A161BB /* LaunchScreen.storyboard */; };
		C0F3F0A02A0D38AB00A161BB /* ContactsAppTests.swift in Sources */ = {isa = PBXBuildFile; fileRef = C0F3F09F2A0D38AB00A161BB /* ContactsAppTests.swift */; };
		C0F3F0AA2A0D38AB00A161BB /* ContactsAppUITests.swift in Sources */ = {isa = PBXBuildFile; fileRef = C0F3F0A92A0D38AB00A161BB /* ContactsAppUITests.swift */; };
		C0F3F0AC2A0D38AB00A161BB /* ContactsAppUITestsLaunchTests.swift in Sources */ = {isa = PBXBuildFile; fileRef = C0F3F0AB2A0D38AB00A161BB /* ContactsAppUITestsLaunchTests.swift */; };
/* End PBXBuildFile section */

/* Begin PBXContainerItemProxy section */
		C0F3F09C2A0D38AB00A161BB /* PBXContainerItemProxy */ = {
			isa = PBXContainerItemProxy;
			containerPortal = C0F3F07D2A0D38A900A161BB /* Project object */;
			proxyType = 1;
			remoteGlobalIDString = C0F3F0842A0D38AA00A161BB;
			remoteInfo = ContactsApp;
		};
		C0F3F0A62A0D38AB00A161BB /* PBXContainerItemProxy */ = {
			isa = PBXContainerItemProxy;
			containerPortal = C0F3F07D2A0D38A900A161BB /* Project object */;
			proxyType = 1;
			remoteGlobalIDString = C0F3F0842A0D38AA00A161BB;
			remoteInfo = ContactsApp;
		};
/* End PBXContainerItemProxy section */

/* Begin PBXFileReference section */
		C0F3F0852A0D38AA00A161BB /* ContactsApp.app */ = {isa = PBXFileReference; explicitFileType = wrapper.application; includeInIndex = 0; path = ContactsApp.app; sourceTree = BUILT_PRODUCTS_DIR; };
		C0F3F0882A0D38AA00A161BB /* AppDelegate.swift */ = {isa = PBXFileReference; lastKnownFileType = sourcecode.swift; path = AppDelegate.swift; sourceTree = "<group>"; };
		C0F3F08A2A0D38AA00A161BB /* SceneDelegate.swift */ = {isa = PBXFileReference; lastKnownFileType = sourcecode.swift; path = SceneDelegate.swift; sourceTree = "<group>"; };
		C0F3F08C2A0D38AA00A161BB /* ViewController.swift */ = {isa = PBXFileReference; lastKnownFileType = sourcecode.swift; path = ViewController.swift; sourceTree = "<group>"; };
		C0F3F08F2A0D38AA00A161BB /* Base */ = {isa = PBXFileReference; lastKnownFileType = file.storyboard; name = Base; path = Base.lproj/Main.storyboard; sourceTree = "<group>"; };
		C0F3F0912A0D38AB00A161BB /* Assets.xcassets */ = {isa = PBXFileReference; lastKnownFileType = folder.assetcatalog; path = Assets.xcassets; sourceTree = "<group>"; };
		C0F3F0942A0D38AB00A161BB /* Base */ = {isa = PBXFileReference; lastKnownFileType = file.storyboard; name = Base; path = Base.lproj/LaunchScreen.storyboard; sourceTree = "<group>"; };
		C0F3F0962A0D38AB00A161BB /* Info.plist */ = {isa = PBXFileReference; lastKnownFileType = text.plist.xml; path = Info.plist; sourceTree = "<group>"; };
		C0F3F09B2A0D38AB00A161BB /* ContactsAppTests.xctest */ = {isa = PBXFileReference; explicitFileType = wrapper.cfbundle; includeInIndex = 0; path = ContactsAppTests.xctest; sourceTree = BUILT_PRODUCTS_DIR; };
		C0F3F09F2A0D38AB00A161BB /* ContactsAppTests.swift */ = {isa = PBXFileReference; lastKnownFileType = sourcecode.swift; path = ContactsAppTests.swift; sourceTree = "<group>"; };
		C0F3F0A52A0D38AB00A161BB /* ContactsAppUITests.xctest */ = {isa = PBXFileReference; explicitFileType = wrapper.cfbundle; includeInIndex = 0; path = ContactsAppUITests.xctest; sourceTree = BUILT_PRODUCTS_DIR; };
		C0F3F0A92A0D38AB00A161BB /* ContactsAppUITests.swift */ = {isa = PBXFileReference; lastKnownFileType = sourcecode.swift; path = ContactsAppUITests.swift; sourceTree = "<group>"; };
		C0F3F0AB2A0D38AB00A161BB /* ContactsAppUITestsLaunchTests.swift */ = {isa = PBXFileReference; lastKnownFileType = sourcecode.swift; path = ContactsAppUITestsLaunchTests.swift; sourceTree = "<group>"; };
/* End PBXFileReference section */

/* Begin PBXFrameworksBuildPhase section */
		C0F3F0822A0D38AA00A161BB /* Frameworks */ = {
			isa = PBXFrameworksBuildPhase;
			buildActionMask = 2147483647;
			files = (
			);
			runOnlyForDeploymentPostprocessing = 0;
		};
		C0F3F0982A0D38AB00A161BB /* Frameworks */ = {
			isa = PBXFrameworksBuildPhase;
			buildActionMask = 2147483647;
			files = (
			);
			runOnlyForDeploymentPostprocessing = 0;
		};
		C0F3F0A22A0D38AB00A161BB /* Frameworks */ = {
			isa = PBXFrameworksBuildPhase;
			buildActionMask = 2147483647;
			files = (
			);
			runOnlyForDeploymentPostprocessing = 0;
		};
/* End PBXFrameworksBuildPhase section */

/* Begin PBXGroup section */
		C0F3F07C2A0D38A900A161BB = {
			isa = PBXGroup;
			children = (
				C0F3F0872A0D38AA00A161BB /* ContactsApp */,
				C0F3F09E2A0D38AB00A161BB /* ContactsAppTests */,
				C0F3F0A82A0D38AB00A161BB /* ContactsAppUITests */,
				C0F3F0862A0D38AA00A161BB /* Products */,
			);
			sourceTree = "<group>";
		};
		C0F3F0862A0D38AA00A161BB /* Products */ = {
			isa = PBXGroup;
			children = (
				C0F3F0852A0D38AA00A161BB /* ContactsApp.app */,
				C0F3F09B2A0D38AB00A161BB /* ContactsAppTests.xctest */,
				C0F3F0A52A0D38AB00A161BB /* ContactsAppUITests.xctest */,
			);
			name = Products;
			sourceTree = "<group>";
		};
		C0F3F0872A0D38AA00A161BB /* ContactsApp */ = {
			isa = PBXGroup;
			children = (
				C0F3F0882A0D38AA00A161BB /* AppDelegate.swift */,
				C0F3F08A2A0D38AA00A161BB /* SceneDelegate.swift */,
				C0F3F08C2A0D38AA00A161BB /* ViewController.swift */,
				C0F3F08E2A0D38AA00A161BB /* Main.storyboard */,
				C0F3F0912A0D38AB00A161BB /* Assets.xcassets */,
				C0F3F0932A0D38AB00A161BB /* LaunchScreen.storyboard */,
				C0F3F0962A0D38AB00A161BB /* Info.plist */,
			);
			path = ContactsApp;
			sourceTree = "<group>";
		};
		C0F3F09E2A0D38AB00A161BB /* ContactsAppTests */ = {
			isa = PBXGroup;
			children = (
				C0F3F09F2A0D38AB00A161BB /* ContactsAppTests.swift */,
			);
			path = ContactsAppTests;
			sourceTree = "<group>";
		};
		C0F3F0A82A0D38AB00A161BB /* ContactsAppUITests */ = {
			isa = PBXGroup;
			children = (
				C0F3F0A92A0D38AB00A161BB /* ContactsAppUITests.swift */,
				C0F3F0AB2A0D38AB00A161BB /* ContactsAppUITestsLaunchTests.swift */,
			);
			path = ContactsAppUITests;
			sourceTree = "<group>";
		};
/* End PBXGroup section */

/* Begin PBXNativeTarget section */
		C0F3F0842A0D38AA00A161BB /* ContactsApp */ = {
			isa = PBXNativeTarget;
			buildConfigurationList = C0F3F0AF2A0D38AB00A161BB /* Build configuration list for PBXNativeTarget "ContactsApp" */;
			buildPhases = (
				C0F3F0812A0D38AA00A161BB /* Sources */,
				C0F3F0822A0D38AA00A161BB /* Frameworks */,
				C0F3F0832A0D38AA00A161BB /* Resources */,
			);
			buildRules = (
			);
			dependencies = (
			);
			name = ContactsApp;
			productName = ContactsApp;
			productReference = C0F3F0852A0D38AA00A161BB /* ContactsApp.app */;
			productType = "com.apple.product-type.application";
		};
		C0F3F09A2A0D38AB00A161BB /* ContactsAppTests */ = {
			isa = PBXNativeTarget;
			buildConfigurationList = C0F3F0B22A0D38AB00A161BB /* Build configuration list for PBXNativeTarget "ContactsAppTests" */;
			buildPhases = (
				C0F3F0972A0D38AB00A161BB /* Sources */,
				C0F3F0982A0D38AB00A161BB /* Frameworks */,
				C0F3F0992A0D38AB00A161BB /* Resources */,
			);
			buildRules = (
			);
			dependencies = (
				C0F3F09D2A0D38AB00A161BB /* PBXTargetDependency */,
			);
			name = ContactsAppTests;
			productName = ContactsAppTests;
			productReference = C0F3F09B2A0D38AB00A161BB /* ContactsAppTests.xctest */;
			productType = "com.apple.product-type.bundle.unit-test";
		};
		C0F3F0A42A0D38AB00A161BB /* ContactsAppUITests */ = {
			isa = PBXNativeTarget;
			buildConfigurationList = C0F3F0B52A0D38AB00A161BB /* Build configuration list for PBXNativeTarget "ContactsAppUITests" */;
			buildPhases = (
				C0F3F0A12A0D38AB00A161BB /* Sources */,
				C0F3F0A22A0D38AB00A161BB /* Frameworks */,
				C0F3F0A32A0D38AB00A161BB /* Resources */,
			);
			buildRules = (
			);
			dependencies = (
				C0F3F0A72A0D38AB00A161BB /* PBXTargetDependency */,
			);
			name = ContactsAppUITests;
			productName = ContactsAppUITests;
			productReference = C0F3F0A52A0D38AB00A161BB /* ContactsAppUITests.xctest */;
			productType = "com.apple.product-type.bundle.ui-testing";
		};
/* End PBXNativeTarget section */

/* Begin PBXProject section */
		C0F3F07D2A0D38A900A161BB /* Project object */ = {
			isa = PBXProject;
			attributes = {
				BuildIndependentTargetsInParallel = 1;
				LastSwiftUpdateCheck = 1430;
				LastUpgradeCheck = 1430;
				TargetAttributes = {
					C0F3F0842A0D38AA00A161BB = {
						CreatedOnToolsVersion = 14.3;
					};
					C0F3F09A2A0D38AB00A161BB = {
						CreatedOnToolsVersion = 14.3;
						TestTargetID = C0F3F0842A0D38AA00A161BB;
					};
					C0F3F0A42A0D38AB00A161BB = {
						CreatedOnToolsVersion = 14.3;
						TestTargetID = C0F3F0842A0D38AA00A161BB;
					};
				};
			};
			buildConfigurationList = C0F3F0802A0D38A900A161BB /* Build configuration list for PBXProject "ContactsApp" */;
			compatibilityVersion = "Xcode 14.0";
			developmentRegion = en;
			hasScannedForEncodings = 0;
			knownRegions = (
				en,
				Base,
			);
			mainGroup = C0F3F07C2A0D38A900A161BB;
			productRefGroup = C0F3F0862A0D38AA00A161BB /* Products */;
			projectDirPath = "";
			projectRoot = "";
			targets = (
				C0F3F0842A0D38AA00A161BB /* ContactsApp */,
				C0F3F09A2A0D38AB00A161BB /* ContactsAppTests */,
				C0F3F0A42A0D38AB00A161BB /* ContactsAppUITests */,
			);
		};
/* End PBXProject section */

/* Begin PBXResourcesBuildPhase section */
		C0F3F0832A0D38AA00A161BB /* Resources */ = {
			isa = PBXResourcesBuildPhase;
			buildActionMask = 2147483647;
			files = (
				C0F3F0952A0D38AB00A161BB /* LaunchScreen.storyboard in Resources */,
				C0F3F0922A0D38AB00A161BB /* Assets.xcassets in Resources */,
				C0F3F0902A0D38AA00A161BB /* Main.storyboard in Resources */,
			);
			runOnlyForDeploymentPostprocessing = 0;
		};
		C0F3F0992A0D38AB00A161BB /* Resources */ = {
			isa = PBXResourcesBuildPhase;
			buildActionMask = 2147483647;
			files = (
			);
			runOnlyForDeploymentPostprocessing = 0;
		};
		C0F3F0A32A0D38AB00A161BB /* Resources */ = {
			isa = PBXResourcesBuildPhase;
			buildActionMask = 2147483647;
			files = (
			);
			runOnlyForDeploymentPostprocessing = 0;
		};
/* End PBXResourcesBuildPhase section */

/* Begin PBXSourcesBuildPhase section */
		C0F3F0812A0D38AA00A161BB /* Sources */ = {
			isa = PBXSourcesBuildPhase;
			buildActionMask = 2147483647;
			files = (
				C0F3F08D2A0D38AA00A161BB /* ViewController.swift in Sources */,
				C0F3F0892A0D38AA00A161BB /* AppDelegate.swift in Sources */,
				C0F3F08B2A0D38AA00A161BB /* SceneDelegate.swift in Sources */,
			);
			runOnlyForDeploymentPostprocessing = 0;
		};
		C0F3F0972A0D38AB00A161BB /* Sources */ = {
			isa = PBXSourcesBuildPhase;
			buildActionMask = 2147483647;
			files = (
				C0F3F0A02A0D38AB00A161BB /* ContactsAppTests.swift in Sources */,
			);
			runOnlyForDeploymentPostprocessing = 0;
		};
		C0F3F0A12A0D38AB00A161BB /* Sources */ = {
			isa = PBXSourcesBuildPhase;
			buildActionMask = 2147483647;
			files = (
				C0F3F0AA2A0D38AB00A161BB /* ContactsAppUITests.swift in Sources */,
				C0F3F0AC2A0D38AB00A161BB /* ContactsAppUITestsLaunchTests.swift in Sources */,
			);
			runOnlyForDeploymentPostprocessing = 0;
		};
/* End PBXSourcesBuildPhase section */

/* Begin PBXTargetDependency section */
		C0F3F09D2A0D38AB00A161BB /* PBXTargetDependency */ = {
			isa = PBXTargetDependency;
			target = C0F3F0842A0D38AA00A161BB /* ContactsApp */;
			targetProxy = C0F3F09C2A0D38AB00A161BB /* PBXContainerItemProxy */;
		};
		C0F3F0A72A0D38AB00A161BB /* PBXTargetDependency */ = {
			isa = PBXTargetDependency;
			target = C0F3F0842A0D38AA00A161BB /* ContactsApp */;
			targetProxy = C0F3F0A62A0D38AB00A161BB /* PBXContainerItemProxy */;
		};
/* End PBXTargetDependency section */

/* Begin PBXVariantGroup section */
		C0F3F08E2A0D38AA00A161BB /* Main.storyboard */ = {
			isa = PBXVariantGroup;
			children = (
				C0F3F08F2A0D38AA00A161BB /* Base */,
			);
			name = Main.storyboard;
			sourceTree = "<group>";
		};
		C0F3F0932A0D38AB00A161BB /* LaunchScreen.storyboard */ = {
			isa = PBXVariantGroup;
			children = (
				C0F3F0942A0D38AB00A161BB /* Base */,
			);
			name = LaunchScreen.storyboard;
			sourceTree = "<group>";
		};
/* End PBXVariantGroup section */

/* Begin XCBuildConfiguration section */
		C0F3F0AD2A0D38AB00A161BB /* Debug */ = {
			isa = XCBuildConfiguration;
			buildSettings = {
				ALWAYS_SEARCH_USER_PATHS = NO;
				CLANG_ANALYZER_NONNULL = YES;
				CLANG_ANALYZER_NUMBER_OBJECT_CONVERSION = YES_AGGRESSIVE;
				CLANG_CXX_LANGUAGE_STANDARD = "gnu++20";
				CLANG_ENABLE_MODULES = YES;
				CLANG_ENABLE_OBJC_ARC = YES;
				CLANG_ENABLE_OBJC_WEAK = YES;
				CLANG_WARN_BLOCK_CAPTURE_AUTORELEASING = YES;
				CLANG_WARN_BOOL_CONVERSION = YES;
				CLANG_WARN_COMMA = YES;
				CLANG_WARN_CONSTANT_CONVERSION = YES;
				CLANG_WARN_DEPRECATED_OBJC_IMPLEMENTATIONS = YES;
				CLANG_WARN_DIRECT_OBJC_ISA_USAGE = YES_ERROR;
				CLANG_WARN_DOCUMENTATION_COMMENTS = YES;
				CLANG_WARN_EMPTY_BODY = YES;
				CLANG_WARN_ENUM_CONVERSION = YES;
				CLANG_WARN_INFINITE_RECURSION = YES;
				CLANG_WARN_INT_CONVERSION = YES;
				CLANG_WARN_NON_LITERAL_NULL_CONVERSION = YES;
				CLANG_WARN_OBJC_IMPLICIT_RETAIN_SELF = YES;
				CLANG_WARN_OBJC_LITERAL_CONVERSION = YES;
				CLANG_WARN_OBJC_ROOT_CLASS = YES_ERROR;
				CLANG_WARN_QUOTED_INCLUDE_IN_FRAMEWORK_HEADER = YES;
				CLANG_WARN_RANGE_LOOP_ANALYSIS = YES;
				CLANG_WARN_STRICT_PROTOTYPES = YES;
				CLANG_WARN_SUSPICIOUS_MOVE = YES;
				CLANG_WARN_UNGUARDED_AVAILABILITY = YES_AGGRESSIVE;
				CLANG_WARN_UNREACHABLE_CODE = YES;
				CLANG_WARN__DUPLICATE_METHOD_MATCH = YES;
				COPY_PHASE_STRIP = NO;
				DEBUG_INFORMATION_FORMAT = dwarf;
				ENABLE_STRICT_OBJC_MSGSEND = YES;
				ENABLE_TESTABILITY = YES;
				GCC_C_LANGUAGE_STANDARD = gnu11;
				GCC_DYNAMIC_NO_PIC = NO;
				GCC_NO_COMMON_BLOCKS = YES;
				GCC_OPTIMIZATION_LEVEL = 0;
				GCC_PREPROCESSOR_DEFINITIONS = (
					"DEBUG=1",
					"$(inherited)",
				);
				GCC_WARN_64_TO_32_BIT_CONVERSION = YES;
				GCC_WARN_ABOUT_RETURN_TYPE = YES_ERROR;
				GCC_WARN_UNDECLARED_SELECTOR = YES;
				GCC_WARN_UNINITIALIZED_AUTOS = YES_AGGRESSIVE;
				GCC_WARN_UNUSED_FUNCTION = YES;
				GCC_WARN_UNUSED_VARIABLE = YES;
				IPHONEOS_DEPLOYMENT_TARGET = 16.4;
				MTL_ENABLE_DEBUG_INFO = INCLUDE_SOURCE;
				MTL_FAST_MATH = YES;
				ONLY_ACTIVE_ARCH = YES;
				SDKROOT = iphoneos;
				SWIFT_ACTIVE_COMPILATION_CONDITIONS = DEBUG;
				SWIFT_OPTIMIZATION_LEVEL = "-Onone";
			};
			name = Debug;
		};
		C0F3F0AE2A0D38AB00A161BB /* Release */ = {
			isa = XCBuildConfiguration;
			buildSettings = {
				ALWAYS_SEARCH_USER_PATHS = NO;
				CLANG_ANALYZER_NONNULL = YES;
				CLANG_ANALYZER_NUMBER_OBJECT_CONVERSION = YES_AGGRESSIVE;
				CLANG_CXX_LANGUAGE_STANDARD = "gnu++20";
				CLANG_ENABLE_MODULES = YES;
				CLANG_ENABLE_OBJC_ARC = YES;
				CLANG_ENABLE_OBJC_WEAK = YES;
				CLANG_WARN_BLOCK_CAPTURE_AUTORELEASING = YES;
				CLANG_WARN_BOOL_CONVERSION = YES;
				CLANG_WARN_COMMA = YES;
				CLANG_WARN_CONSTANT_CONVERSION = YES;
				CLANG_WARN_DEPRECATED_OBJC_IMPLEMENTATIONS = YES;
				CLANG_WARN_DIRECT_OBJC_ISA_USAGE = YES_ERROR;
				CLANG_WARN_DOCUMENTATION_COMMENTS = YES;
				CLANG_WARN_EMPTY_BODY = YES;
				CLANG_WARN_ENUM_CONVERSION = YES;
				CLANG_WARN_INFINITE_RECURSION = YES;
				CLANG_WARN_INT_CONVERSION = YES;
				CLANG_WARN_NON_LITERAL_NULL_CONVERSION = YES;
				CLANG_WARN_OBJC_IMPLICIT_RETAIN_SELF = YES;
				CLANG_WARN_OBJC_LITERAL_CONVERSION = YES;
				CLANG_WARN_OBJC_ROOT_CLASS = YES_ERROR;
				CLANG_WARN_QUOTED_INCLUDE_IN_FRAMEWORK_HEADER = YES;
				CLANG_WARN_RANGE_LOOP_ANALYSIS = YES;
				CLANG_WARN_STRICT_PROTOTYPES = YES;
				CLANG_WARN_SUSPICIOUS_MOVE = YES;
				CLANG_WARN_UNGUARDED_AVAILABILITY = YES_AGGRESSIVE;
				CLANG_WARN_UNREACHABLE_CODE = YES;
				CLANG_WARN__DUPLICATE_METHOD_MATCH = YES;
				COPY_PHASE_STRIP = NO;
				DEBUG_INFORMATION_FORMAT = "dwarf-with-dsym";
				ENABLE_NS_ASSERTIONS = NO;
				ENABLE_STRICT_OBJC_MSGSEND = YES;
				GCC_C_LANGUAGE_STANDARD = gnu11;
				GCC_NO_COMMON_BLOCKS = YES;
				GCC_WARN_64_TO_32_BIT_CONVERSION = YES;
				GCC_WARN_ABOUT_RETURN_TYPE = YES_ERROR;
				GCC_WARN_UNDECLARED_SELECTOR = YES;
				GCC_WARN_UNINITIALIZED_AUTOS = YES_AGGRESSIVE;
				GCC_WARN_UNUSED_FUNCTION = YES;
				GCC_WARN_UNUSED_VARIABLE = YES;
				IPHONEOS_DEPLOYMENT_TARGET = 16.4;
				MTL_ENABLE_DEBUG_INFO = NO;
				MTL_FAST_MATH = YES;
				SDKROOT = iphoneos;
				SWIFT_COMPILATION_MODE = wholemodule;
				SWIFT_OPTIMIZATION_LEVEL = "-O";
				VALIDATE_PRODUCT = YES;
			};
			name = Release;
		};
		C0F3F0B02A0D38AB00A161BB /* Debug */ = {
			isa = XCBuildConfiguration;
			buildSettings = {
				ASSETCATALOG_COMPILER_APPICON_NAME = AppIcon;
				ASSETCATALOG_COMPILER_GLOBAL_ACCENT_COLOR_NAME = AccentColor;
				CODE_SIGN_STYLE = Automatic;
				CURRENT_PROJECT_VERSION = 1;
				GENERATE_INFOPLIST_FILE = YES;
				INFOPLIST_FILE = ContactsApp/Info.plist;
				INFOPLIST_KEY_UIApplicationSupportsIndirectInputEvents = YES;
				INFOPLIST_KEY_UILaunchStoryboardName = LaunchScreen;
				INFOPLIST_KEY_UIMainStoryboardFile = Main;
				INFOPLIST_KEY_UISupportedInterfaceOrientations_iPad = "UIInterfaceOrientationPortrait UIInterfaceOrientationPortraitUpsideDown UIInterfaceOrientationLandscapeLeft UIInterfaceOrientationLandscapeRight";
				INFOPLIST_KEY_UISupportedInterfaceOrientations_iPhone = "UIInterfaceOrientationPortrait UIInterfaceOrientationLandscapeLeft UIInterfaceOrientationLandscapeRight";
				LD_RUNPATH_SEARCH_PATHS = (
					"$(inherited)",
					"@executable_path/Frameworks",
				);
				MARKETING_VERSION = 1.0;
				PRODUCT_BUNDLE_IDENTIFIER = app.Contacts.ContactsApp;
				PRODUCT_NAME = "$(TARGET_NAME)";
				SWIFT_EMIT_LOC_STRINGS = YES;
				SWIFT_VERSION = 5.0;
				TARGETED_DEVICE_FAMILY = "1,2";
			};
			name = Debug;
		};
		C0F3F0B12A0D38AB00A161BB /* Release */ = {
			isa = XCBuildConfiguration;
			buildSettings = {
				ASSETCATALOG_COMPILER_APPICON_NAME = AppIcon;
				ASSETCATALOG_COMPILER_GLOBAL_ACCENT_COLOR_NAME = AccentColor;
				CODE_SIGN_STYLE = Automatic;
				CURRENT_PROJECT_VERSION = 1;
				GENERATE_INFOPLIST_FILE = YES;
				INFOPLIST_FILE = ContactsApp/Info.plist;
				INFOPLIST_KEY_UIApplicationSupportsIndirectInputEvents = YES;
				INFOPLIST_KEY_UILaunchStoryboardName = LaunchScreen;
				INFOPLIST_KEY_UIMainStoryboardFile = Main;
				INFOPLIST_KEY_UISupportedInterfaceOrientations_iPad = "UIInterfaceOrientationPortrait UIInterfaceOrientationPortraitUpsideDown UIInterfaceOrientationLandscapeLeft UIInterfaceOrientationLandscapeRight";
				INFOPLIST_KEY_UISupportedInterfaceOrientations_iPhone = "UIInterfaceOrientationPortrait UIInterfaceOrientationLandscapeLeft UIInterfaceOrientationLandscapeRight";
				LD_RUNPATH_SEARCH_PATHS = (
					"$(inherited)",
					"@executable_path/Frameworks",
				);
				MARKETING_VERSION = 1.0;
				PRODUCT_BUNDLE_IDENTIFIER = app.Contacts.ContactsApp;
				PRODUCT_NAME = "$(TARGET_NAME)";
				SWIFT_EMIT_LOC_STRINGS = YES;
				SWIFT_VERSION = 5.0;
				TARGETED_DEVICE_FAMILY = "1,2";
			};
			name = Release;
		};
		C0F3F0B32A0D38AB00A161BB /* Debug */ = {
			isa = XCBuildConfiguration;
			buildSettings = {
				ALWAYS_EMBED_SWIFT_STANDARD_LIBRARIES = YES;
				BUNDLE_LOADER = "$(TEST_HOST)";
				CODE_SIGN_STYLE = Automatic;
				CURRENT_PROJECT_VERSION = 1;
				GENERATE_INFOPLIST_FILE = YES;
				IPHONEOS_DEPLOYMENT_TARGET = 16.4;
				MARKETING_VERSION = 1.0;
				PRODUCT_BUNDLE_IDENTIFIER = app.Contacts.ContactsAppTests;
				PRODUCT_NAME = "$(TARGET_NAME)";
				SWIFT_EMIT_LOC_STRINGS = NO;
				SWIFT_VERSION = 5.0;
				TARGETED_DEVICE_FAMILY = "1,2";
				TEST_HOST = "$(BUILT_PRODUCTS_DIR)/ContactsApp.app/$(BUNDLE_EXECUTABLE_FOLDER_PATH)/ContactsApp";
			};
			name = Debug;
		};
		C0F3F0B42A0D38AB00A161BB /* Release */ = {
			isa = XCBuildConfiguration;
			buildSettings = {
				ALWAYS_EMBED_SWIFT_STANDARD_LIBRARIES = YES;
				BUNDLE_LOADER = "$(TEST_HOST)";
				CODE_SIGN_STYLE = Automatic;
				CURRENT_PROJECT_VERSION = 1;
				GENERATE_INFOPLIST_FILE = YES;
				IPHONEOS_DEPLOYMENT_TARGET = 16.4;
				MARKETING_VERSION = 1.0;
				PRODUCT_BUNDLE_IDENTIFIER = app.Contacts.ContactsAppTests;
				PRODUCT_NAME = "$(TARGET_NAME)";
				SWIFT_EMIT_LOC_STRINGS = NO;
				SWIFT_VERSION = 5.0;
				TARGETED_DEVICE_FAMILY = "1,2";
				TEST_HOST = "$(BUILT_PRODUCTS_DIR)/ContactsApp.app/$(BUNDLE_EXECUTABLE_FOLDER_PATH)/ContactsApp";
			};
			name = Release;
		};
		C0F3F0B62A0D38AB00A161BB /* Debug */ = {
			isa = XCBuildConfiguration;
			buildSettings = {
				ALWAYS_EMBED_SWIFT_STANDARD_LIBRARIES = YES;
				CODE_SIGN_STYLE = Automatic;
				CURRENT_PROJECT_VERSION = 1;
				GENERATE_INFOPLIST_FILE = YES;
				MARKETING_VERSION = 1.0;
				PRODUCT_BUNDLE_IDENTIFIER = app.Contacts.ContactsAppUITests;
				PRODUCT_NAME = "$(TARGET_NAME)";
				SWIFT_EMIT_LOC_STRINGS = NO;
				SWIFT_VERSION = 5.0;
				TARGETED_DEVICE_FAMILY = "1,2";
				TEST_TARGET_NAME = ContactsApp;
			};
			name = Debug;
		};
		C0F3F0B72A0D38AB00A161BB /* Release */ = {
			isa = XCBuildConfiguration;
			buildSettings = {
				ALWAYS_EMBED_SWIFT_STANDARD_LIBRARIES = YES;
				CODE_SIGN_STYLE = Automatic;
				CURRENT_PROJECT_VERSION = 1;
				GENERATE_INFOPLIST_FILE = YES;
				MARKETING_VERSION = 1.0;
				PRODUCT_BUNDLE_IDENTIFIER = app.Contacts.ContactsAppUITests;
				PRODUCT_NAME = "$(TARGET_NAME)";
				SWIFT_EMIT_LOC_STRINGS = NO;
				SWIFT_VERSION = 5.0;
				TARGETED_DEVICE_FAMILY = "1,2";
				TEST_TARGET_NAME = ContactsApp;
			};
			name = Release;
		};
/* End XCBuildConfiguration section */

/* Begin XCConfigurationList section */
		C0F3F0802A0D38A900A161BB /* Build configuration list for PBXProject "ContactsApp" */ = {
			isa = XCConfigurationList;
			buildConfigurations = (
				C0F3F0AD2A0D38AB00A161BB /* Debug */,
				C0F3F0AE2A0D38AB00A161BB /* Release */,
			);
			defaultConfigurationIsVisible = 0;
			defaultConfigurationName = Release;
		};
		C0F3F0AF2A0D38AB00A161BB /* Build configuration list for PBXNativeTarget "ContactsApp" */ = {
			isa = XCConfigurationList;
			buildConfigurations = (
				C0F3F0B02A0D38AB00A161BB /* Debug */,
				C0F3F0B12A0D38AB00A161BB /* Release */,
			);
			defaultConfigurationIsVisible = 0;
			defaultConfigurationName = Release;
		};
		C0F3F0B22A0D38AB00A161BB /* Build configuration list for PBXNativeTarget "ContactsAppTests" */ = {
			isa = XCConfigurationList;
			buildConfigurations = (
				C0F3F0B32A0D38AB00A161BB /* Debug */,
				C0F3F0B42A0D38AB00A161BB /* Release */,
			);
			defaultConfigurationIsVisible = 0;
			defaultConfigurationName = Release;
		};
		C0F3F0B52A0D38AB00A161BB /* Build configuration list for PBXNativeTarget "ContactsAppUITests" */ = {
			isa = XCConfigurationList;
			buildConfigurations = (
				C0F3F0B62A0D38AB00A161BB /* Debug */,
				C0F3F0B72A0D38AB00A161BB /* Release */,
			);
			defaultConfigurationIsVisible = 0;
			defaultConfigurationName = Release;
		};
/* End XCConfigurationList section */
	};
	rootObject = C0F3F07D2A0D38A900A161BB /* Project object */;
}
